// !$*UTF8*$!
{
	archiveVersion = 1;
	classes = {
	};
	objectVersion = 46;
	objects = {

/* Begin PBXBuildFile section */
		46D7E2621DE2949B00B57E5F /* main.m in Sources */ = {isa = PBXBuildFile; fileRef = 46D7E2611DE2949B00B57E5F /* main.m */; };
		46D7E2651DE2949B00B57E5F /* AppDelegate.m in Sources */ = {isa = PBXBuildFile; fileRef = 46D7E2641DE2949B00B57E5F /* AppDelegate.m */; };
		46D7E2681DE2949B00B57E5F /* ViewController.m in Sources */ = {isa = PBXBuildFile; fileRef = 46D7E2671DE2949B00B57E5F /* ViewController.m */; };
		46D7E26B1DE2949B00B57E5F /* Main.storyboard in Resources */ = {isa = PBXBuildFile; fileRef = 46D7E2691DE2949B00B57E5F /* Main.storyboard */; };
		46D7E26E1DE2949B00B57E5F /* CHCrash.xcdatamodeld in Sources */ = {isa = PBXBuildFile; fileRef = 46D7E26C1DE2949B00B57E5F /* CHCrash.xcdatamodeld */; };
		46D7E2701DE2949B00B57E5F /* Assets.xcassets in Resources */ = {isa = PBXBuildFile; fileRef = 46D7E26F1DE2949B00B57E5F /* Assets.xcassets */; };
		46D7E2731DE2949B00B57E5F /* LaunchScreen.storyboard in Resources */ = {isa = PBXBuildFile; fileRef = 46D7E2711DE2949B00B57E5F /* LaunchScreen.storyboard */; };
		46D7E27D1DE299A300B57E5F /* UILabel+CHCrash.m in Sources */ = {isa = PBXBuildFile; fileRef = 46D7E27C1DE299A300B57E5F /* UILabel+CHCrash.m */; };
		46D7E2A01DE2D03D00B57E5F /* NSArray+CHCrash.m in Sources */ = {isa = PBXBuildFile; fileRef = 46D7E29F1DE2D03D00B57E5F /* NSArray+CHCrash.m */; };
		46D7E2A61DE2F2EE00B57E5F /* NSMutableArray+CHCrash.m in Sources */ = {isa = PBXBuildFile; fileRef = 46D7E2A51DE2F2EE00B57E5F /* NSMutableArray+CHCrash.m */; };
/* End PBXBuildFile section */

/* Begin PBXFileReference section */
		46D7E25D1DE2949B00B57E5F /* CHCrash.app */ = {isa = PBXFileReference; explicitFileType = wrapper.application; includeInIndex = 0; path = CHCrash.app; sourceTree = BUILT_PRODUCTS_DIR; };
		46D7E2611DE2949B00B57E5F /* main.m */ = {isa = PBXFileReference; lastKnownFileType = sourcecode.c.objc; path = main.m; sourceTree = "<group>"; };
		46D7E2631DE2949B00B57E5F /* AppDelegate.h */ = {isa = PBXFileReference; lastKnownFileType = sourcecode.c.h; path = AppDelegate.h; sourceTree = "<group>"; };
		46D7E2641DE2949B00B57E5F /* AppDelegate.m */ = {isa = PBXFileReference; lastKnownFileType = sourcecode.c.objc; path = AppDelegate.m; sourceTree = "<group>"; };
		46D7E2661DE2949B00B57E5F /* ViewController.h */ = {isa = PBXFileReference; lastKnownFileType = sourcecode.c.h; path = ViewController.h; sourceTree = "<group>"; };
		46D7E2671DE2949B00B57E5F /* ViewController.m */ = {isa = PBXFileReference; lastKnownFileType = sourcecode.c.objc; path = ViewController.m; sourceTree = "<group>"; };
		46D7E26A1DE2949B00B57E5F /* Base */ = {isa = PBXFileReference; lastKnownFileType = file.storyboard; name = Base; path = Base.lproj/Main.storyboard; sourceTree = "<group>"; };
		46D7E26D1DE2949B00B57E5F /* CHCrash.xcdatamodel */ = {isa = PBXFileReference; lastKnownFileType = wrapper.xcdatamodel; path = CHCrash.xcdatamodel; sourceTree = "<group>"; };
		46D7E26F1DE2949B00B57E5F /* Assets.xcassets */ = {isa = PBXFileReference; lastKnownFileType = folder.assetcatalog; path = Assets.xcassets; sourceTree = "<group>"; };
		46D7E2721DE2949B00B57E5F /* Base */ = {isa = PBXFileReference; lastKnownFileType = file.storyboard; name = Base; path = Base.lproj/LaunchScreen.storyboard; sourceTree = "<group>"; };
		46D7E2741DE2949B00B57E5F /* Info.plist */ = {isa = PBXFileReference; lastKnownFileType = text.plist.xml; path = Info.plist; sourceTree = "<group>"; };
		46D7E27B1DE299A300B57E5F /* UILabel+CHCrash.h */ = {isa = PBXFileReference; fileEncoding = 4; lastKnownFileType = sourcecode.c.h; path = "UILabel+CHCrash.h"; sourceTree = "<group>"; };
		46D7E27C1DE299A300B57E5F /* UILabel+CHCrash.m */ = {isa = PBXFileReference; fileEncoding = 4; lastKnownFileType = sourcecode.c.objc; path = "UILabel+CHCrash.m"; sourceTree = "<group>"; };
		46D7E27E1DE2A65000B57E5F /* CHCrash.h */ = {isa = PBXFileReference; lastKnownFileType = sourcecode.c.h; path = CHCrash.h; sourceTree = "<group>"; };
		46D7E29E1DE2D03D00B57E5F /* NSArray+CHCrash.h */ = {isa = PBXFileReference; fileEncoding = 4; lastKnownFileType = sourcecode.c.h; path = "NSArray+CHCrash.h"; sourceTree = "<group>"; };
		46D7E29F1DE2D03D00B57E5F /* NSArray+CHCrash.m */ = {isa = PBXFileReference; fileEncoding = 4; lastKnownFileType = sourcecode.c.objc; path = "NSArray+CHCrash.m"; sourceTree = "<group>"; };
		46D7E2A41DE2F2EE00B57E5F /* NSMutableArray+CHCrash.h */ = {isa = PBXFileReference; fileEncoding = 4; lastKnownFileType = sourcecode.c.h; path = "NSMutableArray+CHCrash.h"; sourceTree = "<group>"; };
		46D7E2A51DE2F2EE00B57E5F /* NSMutableArray+CHCrash.m */ = {isa = PBXFileReference; fileEncoding = 4; lastKnownFileType = sourcecode.c.objc; path = "NSMutableArray+CHCrash.m"; sourceTree = "<group>"; };
/* End PBXFileReference section */

/* Begin PBXFrameworksBuildPhase section */
		46D7E25A1DE2949B00B57E5F /* Frameworks */ = {
			isa = PBXFrameworksBuildPhase;
			buildActionMask = 2147483647;
			files = (
			);
			runOnlyForDeploymentPostprocessing = 0;
		};
/* End PBXFrameworksBuildPhase section */

/* Begin PBXGroup section */
		46D7E2541DE2949B00B57E5F = {
			isa = PBXGroup;
			children = (
				46D7E25F1DE2949B00B57E5F /* CHCrash */,
				46D7E25E1DE2949B00B57E5F /* Products */,
			);
			sourceTree = "<group>";
		};
		46D7E25E1DE2949B00B57E5F /* Products */ = {
			isa = PBXGroup;
			children = (
				46D7E25D1DE2949B00B57E5F /* CHCrash.app */,
			);
			name = Products;
			sourceTree = "<group>";
		};
		46D7E25F1DE2949B00B57E5F /* CHCrash */ = {
			isa = PBXGroup;
			children = (
				46D7E27A1DE2995700B57E5F /* CHCrash */,
				46D7E2631DE2949B00B57E5F /* AppDelegate.h */,
				46D7E2641DE2949B00B57E5F /* AppDelegate.m */,
				46D7E2661DE2949B00B57E5F /* ViewController.h */,
				46D7E2671DE2949B00B57E5F /* ViewController.m */,
				46D7E2691DE2949B00B57E5F /* Main.storyboard */,
				46D7E26F1DE2949B00B57E5F /* Assets.xcassets */,
				46D7E2711DE2949B00B57E5F /* LaunchScreen.storyboard */,
				46D7E2741DE2949B00B57E5F /* Info.plist */,
				46D7E26C1DE2949B00B57E5F /* CHCrash.xcdatamodeld */,
				46D7E2601DE2949B00B57E5F /* Supporting Files */,
			);
			path = CHCrash;
			sourceTree = "<group>";
		};
		46D7E2601DE2949B00B57E5F /* Supporting Files */ = {
			isa = PBXGroup;
			children = (
				46D7E2611DE2949B00B57E5F /* main.m */,
			);
			name = "Supporting Files";
			sourceTree = "<group>";
		};
		46D7E27A1DE2995700B57E5F /* CHCrash */ = {
			isa = PBXGroup;
			children = (
				46D7E27B1DE299A300B57E5F /* UILabel+CHCrash.h */,
				46D7E27C1DE299A300B57E5F /* UILabel+CHCrash.m */,
				46D7E27E1DE2A65000B57E5F /* CHCrash.h */,
				46D7E29E1DE2D03D00B57E5F /* NSArray+CHCrash.h */,
				46D7E29F1DE2D03D00B57E5F /* NSArray+CHCrash.m */,
				46D7E2A41DE2F2EE00B57E5F /* NSMutableArray+CHCrash.h */,
				46D7E2A51DE2F2EE00B57E5F /* NSMutableArray+CHCrash.m */,
			);
			path = CHCrash;
			sourceTree = "<group>";
		};
/* End PBXGroup section */

/* Begin PBXNativeTarget section */
		46D7E25C1DE2949B00B57E5F /* CHCrash */ = {
			isa = PBXNativeTarget;
			buildConfigurationList = 46D7E2771DE2949B00B57E5F /* Build configuration list for PBXNativeTarget "CHCrash" */;
			buildPhases = (
				46D7E2591DE2949B00B57E5F /* Sources */,
				46D7E25A1DE2949B00B57E5F /* Frameworks */,
				46D7E25B1DE2949B00B57E5F /* Resources */,
			);
			buildRules = (
			);
			dependencies = (
			);
			name = CHCrash;
			productName = CHCrash;
			productReference = 46D7E25D1DE2949B00B57E5F /* CHCrash.app */;
			productType = "com.apple.product-type.application";
		};
/* End PBXNativeTarget section */

/* Begin PBXProject section */
		46D7E2551DE2949B00B57E5F /* Project object */ = {
			isa = PBXProject;
			attributes = {
				LastUpgradeCheck = 0810;
				ORGANIZATIONNAME = hyc;
				TargetAttributes = {
					46D7E25C1DE2949B00B57E5F = {
						CreatedOnToolsVersion = 8.1;
						ProvisioningStyle = Automatic;
					};
				};
			};
			buildConfigurationList = 46D7E2581DE2949B00B57E5F /* Build configuration list for PBXProject "CHCrash" */;
			compatibilityVersion = "Xcode 3.2";
			developmentRegion = English;
			hasScannedForEncodings = 0;
			knownRegions = (
				en,
				Base,
			);
			mainGroup = 46D7E2541DE2949B00B57E5F;
			productRefGroup = 46D7E25E1DE2949B00B57E5F /* Products */;
			projectDirPath = "";
			projectRoot = "";
			targets = (
				46D7E25C1DE2949B00B57E5F /* CHCrash */,
			);
		};
/* End PBXProject section */

/* Begin PBXResourcesBuildPhase section */
		46D7E25B1DE2949B00B57E5F /* Resources */ = {
			isa = PBXResourcesBuildPhase;
			buildActionMask = 2147483647;
			files = (
				46D7E2731DE2949B00B57E5F /* LaunchScreen.storyboard in Resources */,
				46D7E2701DE2949B00B57E5F /* Assets.xcassets in Resources */,
				46D7E26B1DE2949B00B57E5F /* Main.storyboard in Resources */,
			);
			runOnlyForDeploymentPostprocessing = 0;
		};
/* End PBXResourcesBuildPhase section */

/* Begin PBXSourcesBuildPhase section */
		46D7E2591DE2949B00B57E5F /* Sources */ = {
			isa = PBXSourcesBuildPhase;
			buildActionMask = 2147483647;
			files = (
				46D7E26E1DE2949B00B57E5F /* CHCrash.xcdatamodeld in Sources */,
				46D7E2681DE2949B00B57E5F /* ViewController.m in Sources */,
				46D7E27D1DE299A300B57E5F /* UILabel+CHCrash.m in Sources */,
				46D7E2651DE2949B00B57E5F /* AppDelegate.m in Sources */,
				46D7E2621DE2949B00B57E5F /* main.m in Sources */,
				46D7E2A01DE2D03D00B57E5F /* NSArray+CHCrash.m in Sources */,
				46D7E2A61DE2F2EE00B57E5F /* NSMutableArray+CHCrash.m in Sources */,
			);
			runOnlyForDeploymentPostprocessing = 0;
		};
/* End PBXSourcesBuildPhase section */

/* Begin PBXVariantGroup section */
		46D7E2691DE2949B00B57E5F /* Main.storyboard */ = {
			isa = PBXVariantGroup;
			children = (
				46D7E26A1DE2949B00B57E5F /* Base */,
			);
			name = Main.storyboard;
			sourceTree = "<group>";
		};
		46D7E2711DE2949B00B57E5F /* LaunchScreen.storyboard */ = {
			isa = PBXVariantGroup;
			children = (
				46D7E2721DE2949B00B57E5F /* Base */,
			);
			name = LaunchScreen.storyboard;
			sourceTree = "<group>";
		};
/* End PBXVariantGroup section */

/* Begin XCBuildConfiguration section */
		46D7E2751DE2949B00B57E5F /* Debug */ = {
			isa = XCBuildConfiguration;
			buildSettings = {
				ALWAYS_SEARCH_USER_PATHS = NO;
				CLANG_ANALYZER_NONNULL = YES;
				CLANG_CXX_LANGUAGE_STANDARD = "gnu++0x";
				CLANG_CXX_LIBRARY = "libc++";
				CLANG_ENABLE_MODULES = YES;
				CLANG_ENABLE_OBJC_ARC = YES;
				CLANG_WARN_BOOL_CONVERSION = YES;
				CLANG_WARN_CONSTANT_CONVERSION = YES;
				CLANG_WARN_DIRECT_OBJC_ISA_USAGE = YES_ERROR;
				CLANG_WARN_DOCUMENTATION_COMMENTS = YES;
				CLANG_WARN_EMPTY_BODY = YES;
				CLANG_WARN_ENUM_CONVERSION = YES;
				CLANG_WARN_INFINITE_RECURSION = YES;
				CLANG_WARN_INT_CONVERSION = YES;
				CLANG_WARN_OBJC_ROOT_CLASS = YES_ERROR;
				CLANG_WARN_SUSPICIOUS_MOVES = YES;
				CLANG_WARN_UNREACHABLE_CODE = YES;
				CLANG_WARN__DUPLICATE_METHOD_MATCH = YES;
				"CODE_SIGN_IDENTITY[sdk=iphoneos*]" = "iPhone Developer";
				COPY_PHASE_STRIP = NO;
				DEBUG_INFORMATION_FORMAT = dwarf;
				ENABLE_STRICT_OBJC_MSGSEND = YES;
				ENABLE_TESTABILITY = YES;
				GCC_C_LANGUAGE_STANDARD = gnu99;
				GCC_DYNAMIC_NO_PIC = NO;
				GCC_NO_COMMON_BLOCKS = YES;
				GCC_OPTIMIZATION_LEVEL = 0;
				GCC_PREPROCESSOR_DEFINITIONS = (
					"DEBUG=1",
					"$(inherited)",
				);
				GCC_WARN_64_TO_32_BIT_CONVERSION = YES;
				GCC_WARN_ABOUT_RETURN_TYPE = YES_ERROR;
				GCC_WARN_UNDECLARED_SELECTOR = YES;
				GCC_WARN_UNINITIALIZED_AUTOS = YES_AGGRESSIVE;
				GCC_WARN_UNUSED_FUNCTION = YES;
				GCC_WARN_UNUSED_VARIABLE = YES;
				IPHONEOS_DEPLOYMENT_TARGET = 10.1;
				MTL_ENABLE_DEBUG_INFO = YES;
				ONLY_ACTIVE_ARCH = YES;
				SDKROOT = iphoneos;
			};
			name = Debug;
		};
		46D7E2761DE2949B00B57E5F /* Release */ = {
			isa = XCBuildConfiguration;
			buildSettings = {
				ALWAYS_SEARCH_USER_PATHS = NO;
				CLANG_ANALYZER_NONNULL = YES;
				CLANG_CXX_LANGUAGE_STANDARD = "gnu++0x";
				CLANG_CXX_LIBRARY = "libc++";
				CLANG_ENABLE_MODULES = YES;
				CLANG_ENABLE_OBJC_ARC = YES;
				CLANG_WARN_BOOL_CONVERSION = YES;
				CLANG_WARN_CONSTANT_CONVERSION = YES;
				CLANG_WARN_DIRECT_OBJC_ISA_USAGE = YES_ERROR;
				CLANG_WARN_DOCUMENTATION_COMMENTS = YES;
				CLANG_WARN_EMPTY_BODY = YES;
				CLANG_WARN_ENUM_CONVERSION = YES;
				CLANG_WARN_INFINITE_RECURSION = YES;
				CLANG_WARN_INT_CONVERSION = YES;
				CLANG_WARN_OBJC_ROOT_CLASS = YES_ERROR;
				CLANG_WARN_SUSPICIOUS_MOVES = YES;
				CLANG_WARN_UNREACHABLE_CODE = YES;
				CLANG_WARN__DUPLICATE_METHOD_MATCH = YES;
				"CODE_SIGN_IDENTITY[sdk=iphoneos*]" = "iPhone Developer";
				COPY_PHASE_STRIP = NO;
				DEBUG_INFORMATION_FORMAT = "dwarf-with-dsym";
				ENABLE_NS_ASSERTIONS = NO;
				ENABLE_STRICT_OBJC_MSGSEND = YES;
				GCC_C_LANGUAGE_STANDARD = gnu99;
				GCC_NO_COMMON_BLOCKS = YES;
				GCC_WARN_64_TO_32_BIT_CONVERSION = YES;
				GCC_WARN_ABOUT_RETURN_TYPE = YES_ERROR;
				GCC_WARN_UNDECLARED_SELECTOR = YES;
				GCC_WARN_UNINITIALIZED_AUTOS = YES_AGGRESSIVE;
				GCC_WARN_UNUSED_FUNCTION = YES;
				GCC_WARN_UNUSED_VARIABLE = YES;
				IPHONEOS_DEPLOYMENT_TARGET = 10.1;
				MTL_ENABLE_DEBUG_INFO = NO;
				SDKROOT = iphoneos;
				VALIDATE_PRODUCT = YES;
			};
			name = Release;
		};
		46D7E2781DE2949B00B57E5F /* Debug */ = {
			isa = XCBuildConfiguration;
			buildSettings = {
				ASSETCATALOG_COMPILER_APPICON_NAME = AppIcon;
				INFOPLIST_FILE = CHCrash/Info.plist;
				LD_RUNPATH_SEARCH_PATHS = "$(inherited) @executable_path/Frameworks";
				PRODUCT_BUNDLE_IDENTIFIER = com.hyc.chcrash.CHCrash;
				PRODUCT_NAME = "$(TARGET_NAME)";
			};
			name = Debug;
		};
		46D7E2791DE2949B00B57E5F /* Release */ = {
			isa = XCBuildConfiguration;
			buildSettings = {
				ASSETCATALOG_COMPILER_APPICON_NAME = AppIcon;
				INFOPLIST_FILE = CHCrash/Info.plist;
				LD_RUNPATH_SEARCH_PATHS = "$(inherited) @executable_path/Frameworks";
				PRODUCT_BUNDLE_IDENTIFIER = com.hyc.chcrash.CHCrash;
				PRODUCT_NAME = "$(TARGET_NAME)";
			};
			name = Release;
		};
/* End XCBuildConfiguration section */

/* Begin XCConfigurationList section */
		46D7E2581DE2949B00B57E5F /* Build configuration list for PBXProject "CHCrash" */ = {
			isa = XCConfigurationList;
			buildConfigurations = (
				46D7E2751DE2949B00B57E5F /* Debug */,
				46D7E2761DE2949B00B57E5F /* Release */,
			);
			defaultConfigurationIsVisible = 0;
			defaultConfigurationName = Release;
		};
		46D7E2771DE2949B00B57E5F /* Build configuration list for PBXNativeTarget "CHCrash" */ = {
			isa = XCConfigurationList;
			buildConfigurations = (
				46D7E2781DE2949B00B57E5F /* Debug */,
				46D7E2791DE2949B00B57E5F /* Release */,
			);
			defaultConfigurationIsVisible = 0;
			defaultConfigurationName = Release;
		};
/* End XCConfigurationList section */

/* Begin XCVersionGroup section */
		46D7E26C1DE2949B00B57E5F /* CHCrash.xcdatamodeld */ = {
			isa = XCVersionGroup;
			children = (
				46D7E26D1DE2949B00B57E5F /* CHCrash.xcdatamodel */,
			);
			currentVersion = 46D7E26D1DE2949B00B57E5F /* CHCrash.xcdatamodel */;
			path = CHCrash.xcdatamodeld;
			sourceTree = "<group>";
			versionGroupType = wrapper.xcdatamodel;
		};
/* End XCVersionGroup section */
	};
	rootObject = 46D7E2551DE2949B00B57E5F /* Project object */;
}
